// !$*UTF8*$!
{
	archiveVersion = 1;
	classes = {
	};
	objectVersion = 56;
	objects = {

/* Begin PBXBuildFile section */
		690877612C48CE330041D59D /* ClusterJamApp.swift in Sources */ = {isa = PBXBuildFile; fileRef = 690877602C48CE330041D59D /* ClusterJamApp.swift */; };
		690877632C48CE330041D59D /* ContentView.swift in Sources */ = {isa = PBXBuildFile; fileRef = 690877622C48CE330041D59D /* ContentView.swift */; };
		690877652C48CE340041D59D /* Assets.xcassets in Resources */ = {isa = PBXBuildFile; fileRef = 690877642C48CE340041D59D /* Assets.xcassets */; };
		690877682C48CE340041D59D /* Preview Assets.xcassets in Resources */ = {isa = PBXBuildFile; fileRef = 690877672C48CE340041D59D /* Preview Assets.xcassets */; };
		6908776F2C48CE5E0041D59D /* AccountView.swift in Sources */ = {isa = PBXBuildFile; fileRef = 6908776E2C48CE5E0041D59D /* AccountView.swift */; };
		690877712C48CE690041D59D /* AppData.swift in Sources */ = {isa = PBXBuildFile; fileRef = 690877702C48CE690041D59D /* AppData.swift */; };
		690877732C48CE8E0041D59D /* ArtistListView.swift in Sources */ = {isa = PBXBuildFile; fileRef = 690877722C48CE8E0041D59D /* ArtistListView.swift */; };
		690877752C48CE980041D59D /* ClusterListView.swift in Sources */ = {isa = PBXBuildFile; fileRef = 690877742C48CE980041D59D /* ClusterListView.swift */; };
		690877792C48CEAC0041D59D /* SongListView.swift in Sources */ = {isa = PBXBuildFile; fileRef = 690877782C48CEAC0041D59D /* SongListView.swift */; };
		6908777B2C48CEBB0041D59D /* BannerViewController.swift in Sources */ = {isa = PBXBuildFile; fileRef = 6908777A2C48CEBB0041D59D /* BannerViewController.swift */; };
		6908777D2C48CECF0041D59D /* DiscoverView.swift in Sources */ = {isa = PBXBuildFile; fileRef = 6908777C2C48CECF0041D59D /* DiscoverView.swift */; };
		6908777F2C48CEDE0041D59D /* LoadData.swift in Sources */ = {isa = PBXBuildFile; fileRef = 6908777E2C48CEDE0041D59D /* LoadData.swift */; };
		690877812C48CEE90041D59D /* PlaylistManager.swift in Sources */ = {isa = PBXBuildFile; fileRef = 690877802C48CEE90041D59D /* PlaylistManager.swift */; };
		690877832C48CEFA0041D59D /* PlaylistView.swift in Sources */ = {isa = PBXBuildFile; fileRef = 690877822C48CEFA0041D59D /* PlaylistView.swift */; };
		690877852C48CF040041D59D /* WizardView.swift in Sources */ = {isa = PBXBuildFile; fileRef = 690877842C48CF040041D59D /* WizardView.swift */; };
		690877872C48CF0F0041D59D /* Launch Screen.storyboard in Resources */ = {isa = PBXBuildFile; fileRef = 690877862C48CF0F0041D59D /* Launch Screen.storyboard */; };
		6908778A2C48D0020041D59D /* SwiftCSV in Frameworks */ = {isa = PBXBuildFile; productRef = 690877892C48D0020041D59D /* SwiftCSV */; };
		6908778D2C48D0130041D59D /* SpotifyiOS in Frameworks */ = {isa = PBXBuildFile; productRef = 6908778C2C48D0130041D59D /* SpotifyiOS */; };
		690877902C48D0910041D59D /* FirebaseAnalytics in Frameworks */ = {isa = PBXBuildFile; productRef = 6908778F2C48D0910041D59D /* FirebaseAnalytics */; };
		690877922C48D0910041D59D /* FirebaseAnalyticsOnDeviceConversion in Frameworks */ = {isa = PBXBuildFile; productRef = 690877912C48D0910041D59D /* FirebaseAnalyticsOnDeviceConversion */; };
		690877942C48D0910041D59D /* FirebaseAnalyticsSwift in Frameworks */ = {isa = PBXBuildFile; productRef = 690877932C48D0910041D59D /* FirebaseAnalyticsSwift */; };
		690877962C48D0910041D59D /* FirebaseAnalyticsWithoutAdIdSupport in Frameworks */ = {isa = PBXBuildFile; productRef = 690877952C48D0910041D59D /* FirebaseAnalyticsWithoutAdIdSupport */; };
		690877982C48D0910041D59D /* FirebaseAppCheck in Frameworks */ = {isa = PBXBuildFile; productRef = 690877972C48D0910041D59D /* FirebaseAppCheck */; };
		6908779A2C48D0910041D59D /* FirebaseAppDistribution-Beta in Frameworks */ = {isa = PBXBuildFile; productRef = 690877992C48D0910041D59D /* FirebaseAppDistribution-Beta */; };
		6908779C2C48D0910041D59D /* FirebaseAuth in Frameworks */ = {isa = PBXBuildFile; productRef = 6908779B2C48D0910041D59D /* FirebaseAuth */; };
		6908779E2C48D0910041D59D /* FirebaseAuthCombine-Community in Frameworks */ = {isa = PBXBuildFile; productRef = 6908779D2C48D0910041D59D /* FirebaseAuthCombine-Community */; };
		690877A02C48D0910041D59D /* FirebaseCrashlytics in Frameworks */ = {isa = PBXBuildFile; productRef = 6908779F2C48D0910041D59D /* FirebaseCrashlytics */; };
		690877A22C48D0910041D59D /* FirebaseDatabase in Frameworks */ = {isa = PBXBuildFile; productRef = 690877A12C48D0910041D59D /* FirebaseDatabase */; };
		690877A42C48D0910041D59D /* FirebaseDatabaseSwift in Frameworks */ = {isa = PBXBuildFile; productRef = 690877A32C48D0910041D59D /* FirebaseDatabaseSwift */; };
		690877A62C48D0910041D59D /* FirebaseDynamicLinks in Frameworks */ = {isa = PBXBuildFile; productRef = 690877A52C48D0910041D59D /* FirebaseDynamicLinks */; };
		690877A82C48D0910041D59D /* FirebaseFirestore in Frameworks */ = {isa = PBXBuildFile; productRef = 690877A72C48D0910041D59D /* FirebaseFirestore */; };
		690877AA2C48D0910041D59D /* FirebaseFirestoreCombine-Community in Frameworks */ = {isa = PBXBuildFile; productRef = 690877A92C48D0910041D59D /* FirebaseFirestoreCombine-Community */; };
		690877AC2C48D0910041D59D /* FirebaseFirestoreSwift in Frameworks */ = {isa = PBXBuildFile; productRef = 690877AB2C48D0910041D59D /* FirebaseFirestoreSwift */; };
		690877AE2C48D0910041D59D /* FirebaseFunctions in Frameworks */ = {isa = PBXBuildFile; productRef = 690877AD2C48D0910041D59D /* FirebaseFunctions */; };
		690877B02C48D0910041D59D /* FirebaseFunctionsCombine-Community in Frameworks */ = {isa = PBXBuildFile; productRef = 690877AF2C48D0910041D59D /* FirebaseFunctionsCombine-Community */; };
		690877B22C48D0910041D59D /* FirebaseInAppMessaging-Beta in Frameworks */ = {isa = PBXBuildFile; productRef = 690877B12C48D0910041D59D /* FirebaseInAppMessaging-Beta */; };
		690877B42C48D0910041D59D /* FirebaseInAppMessagingSwift-Beta in Frameworks */ = {isa = PBXBuildFile; productRef = 690877B32C48D0910041D59D /* FirebaseInAppMessagingSwift-Beta */; };
		690877B62C48D0910041D59D /* FirebaseInstallations in Frameworks */ = {isa = PBXBuildFile; productRef = 690877B52C48D0910041D59D /* FirebaseInstallations */; };
		690877B82C48D0910041D59D /* FirebaseMLModelDownloader in Frameworks */ = {isa = PBXBuildFile; productRef = 690877B72C48D0910041D59D /* FirebaseMLModelDownloader */; };
		690877BA2C48D0910041D59D /* FirebaseMessaging in Frameworks */ = {isa = PBXBuildFile; productRef = 690877B92C48D0910041D59D /* FirebaseMessaging */; };
		690877BC2C48D0910041D59D /* FirebasePerformance in Frameworks */ = {isa = PBXBuildFile; productRef = 690877BB2C48D0910041D59D /* FirebasePerformance */; };
		690877BE2C48D0910041D59D /* FirebaseRemoteConfig in Frameworks */ = {isa = PBXBuildFile; productRef = 690877BD2C48D0910041D59D /* FirebaseRemoteConfig */; };
		690877C02C48D0910041D59D /* FirebaseRemoteConfigSwift in Frameworks */ = {isa = PBXBuildFile; productRef = 690877BF2C48D0910041D59D /* FirebaseRemoteConfigSwift */; };
		690877C22C48D0910041D59D /* FirebaseStorage in Frameworks */ = {isa = PBXBuildFile; productRef = 690877C12C48D0910041D59D /* FirebaseStorage */; };
		690877C42C48D0910041D59D /* FirebaseStorageCombine-Community in Frameworks */ = {isa = PBXBuildFile; productRef = 690877C32C48D0910041D59D /* FirebaseStorageCombine-Community */; };
		690877C62C48D0910041D59D /* FirebaseVertexAI-Preview in Frameworks */ = {isa = PBXBuildFile; productRef = 690877C52C48D0910041D59D /* FirebaseVertexAI-Preview */; };
		690877C92C48D0A50041D59D /* GoogleMobileAds in Frameworks */ = {isa = PBXBuildFile; productRef = 690877C82C48D0A50041D59D /* GoogleMobileAds */; };
		6916963C2C48DAF200A0155D /* clusters.csv in Resources */ = {isa = PBXBuildFile; fileRef = 6916963B2C48DAF200A0155D /* clusters.csv */; };
		69CFAB5D2C49BA4F0034F786 /* GoogleService-Info.plist in Resources */ = {isa = PBXBuildFile; fileRef = 69CFAB5C2C49BA4F0034F786 /* GoogleService-Info.plist */; };
		69E357DB2C4C91C800176523 /* BannerView.swift in Sources */ = {isa = PBXBuildFile; fileRef = 69E357DA2C4C91C800176523 /* BannerView.swift */; };
/* End PBXBuildFile section */

/* Begin PBXFileReference section */
		6908775D2C48CE330041D59D /* ClusterJam.app */ = {isa = PBXFileReference; explicitFileType = wrapper.application; includeInIndex = 0; path = ClusterJam.app; sourceTree = BUILT_PRODUCTS_DIR; };
		690877602C48CE330041D59D /* ClusterJamApp.swift */ = {isa = PBXFileReference; lastKnownFileType = sourcecode.swift; path = ClusterJamApp.swift; sourceTree = "<group>"; };
		690877622C48CE330041D59D /* ContentView.swift */ = {isa = PBXFileReference; lastKnownFileType = sourcecode.swift; path = ContentView.swift; sourceTree = "<group>"; };
		690877642C48CE340041D59D /* Assets.xcassets */ = {isa = PBXFileReference; lastKnownFileType = folder.assetcatalog; path = Assets.xcassets; sourceTree = "<group>"; };
		690877672C48CE340041D59D /* Preview Assets.xcassets */ = {isa = PBXFileReference; lastKnownFileType = folder.assetcatalog; path = "Preview Assets.xcassets"; sourceTree = "<group>"; };
		6908776E2C48CE5E0041D59D /* AccountView.swift */ = {isa = PBXFileReference; lastKnownFileType = sourcecode.swift; path = AccountView.swift; sourceTree = "<group>"; };
		690877702C48CE690041D59D /* AppData.swift */ = {isa = PBXFileReference; lastKnownFileType = sourcecode.swift; path = AppData.swift; sourceTree = "<group>"; };
		690877722C48CE8E0041D59D /* ArtistListView.swift */ = {isa = PBXFileReference; lastKnownFileType = sourcecode.swift; path = ArtistListView.swift; sourceTree = "<group>"; };
		690877742C48CE980041D59D /* ClusterListView.swift */ = {isa = PBXFileReference; lastKnownFileType = sourcecode.swift; path = ClusterListView.swift; sourceTree = "<group>"; };
		690877782C48CEAC0041D59D /* SongListView.swift */ = {isa = PBXFileReference; lastKnownFileType = sourcecode.swift; path = SongListView.swift; sourceTree = "<group>"; };
		6908777A2C48CEBB0041D59D /* BannerViewController.swift */ = {isa = PBXFileReference; lastKnownFileType = sourcecode.swift; path = BannerViewController.swift; sourceTree = "<group>"; };
		6908777C2C48CECF0041D59D /* DiscoverView.swift */ = {isa = PBXFileReference; lastKnownFileType = sourcecode.swift; path = DiscoverView.swift; sourceTree = "<group>"; };
		6908777E2C48CEDE0041D59D /* LoadData.swift */ = {isa = PBXFileReference; lastKnownFileType = sourcecode.swift; path = LoadData.swift; sourceTree = "<group>"; };
		690877802C48CEE90041D59D /* PlaylistManager.swift */ = {isa = PBXFileReference; lastKnownFileType = sourcecode.swift; path = PlaylistManager.swift; sourceTree = "<group>"; };
		690877822C48CEFA0041D59D /* PlaylistView.swift */ = {isa = PBXFileReference; lastKnownFileType = sourcecode.swift; path = PlaylistView.swift; sourceTree = "<group>"; };
		690877842C48CF040041D59D /* WizardView.swift */ = {isa = PBXFileReference; lastKnownFileType = sourcecode.swift; path = WizardView.swift; sourceTree = "<group>"; };
		690877862C48CF0F0041D59D /* Launch Screen.storyboard */ = {isa = PBXFileReference; lastKnownFileType = file.storyboard; path = "Launch Screen.storyboard"; sourceTree = "<group>"; };
		6916963B2C48DAF200A0155D /* clusters.csv */ = {isa = PBXFileReference; fileEncoding = 4; lastKnownFileType = text; path = clusters.csv; sourceTree = "<group>"; };
		69567FB62C48D60C006E5DB8 /* Info.plist */ = {isa = PBXFileReference; lastKnownFileType = text.plist.xml; path = Info.plist; sourceTree = "<group>"; };
		69CFAB5B2C49B7DB0034F786 /* ClusterJam.entitlements */ = {isa = PBXFileReference; lastKnownFileType = text.plist.entitlements; path = ClusterJam.entitlements; sourceTree = "<group>"; };
		69CFAB5C2C49BA4F0034F786 /* GoogleService-Info.plist */ = {isa = PBXFileReference; fileEncoding = 4; lastKnownFileType = text.plist.xml; path = "GoogleService-Info.plist"; sourceTree = "<group>"; };
		69E357DA2C4C91C800176523 /* BannerView.swift */ = {isa = PBXFileReference; fileEncoding = 4; lastKnownFileType = sourcecode.swift; path = BannerView.swift; sourceTree = "<group>"; };
/* End PBXFileReference section */

/* Begin PBXFrameworksBuildPhase section */
		6908775A2C48CE330041D59D /* Frameworks */ = {
			isa = PBXFrameworksBuildPhase;
			buildActionMask = 2147483647;
			files = (
				690877C62C48D0910041D59D /* FirebaseVertexAI-Preview in Frameworks */,
				690877BA2C48D0910041D59D /* FirebaseMessaging in Frameworks */,
				6908778A2C48D0020041D59D /* SwiftCSV in Frameworks */,
				690877AC2C48D0910041D59D /* FirebaseFirestoreSwift in Frameworks */,
				690877962C48D0910041D59D /* FirebaseAnalyticsWithoutAdIdSupport in Frameworks */,
				690877AE2C48D0910041D59D /* FirebaseFunctions in Frameworks */,
				6908778D2C48D0130041D59D /* SpotifyiOS in Frameworks */,
				690877902C48D0910041D59D /* FirebaseAnalytics in Frameworks */,
				6908779C2C48D0910041D59D /* FirebaseAuth in Frameworks */,
				690877A62C48D0910041D59D /* FirebaseDynamicLinks in Frameworks */,
				690877A02C48D0910041D59D /* FirebaseCrashlytics in Frameworks */,
				690877B82C48D0910041D59D /* FirebaseMLModelDownloader in Frameworks */,
				690877A42C48D0910041D59D /* FirebaseDatabaseSwift in Frameworks */,
				690877A82C48D0910041D59D /* FirebaseFirestore in Frameworks */,
				690877B62C48D0910041D59D /* FirebaseInstallations in Frameworks */,
				690877B02C48D0910041D59D /* FirebaseFunctionsCombine-Community in Frameworks */,
				690877AA2C48D0910041D59D /* FirebaseFirestoreCombine-Community in Frameworks */,
				690877A22C48D0910041D59D /* FirebaseDatabase in Frameworks */,
				690877BC2C48D0910041D59D /* FirebasePerformance in Frameworks */,
				690877982C48D0910041D59D /* FirebaseAppCheck in Frameworks */,
				690877922C48D0910041D59D /* FirebaseAnalyticsOnDeviceConversion in Frameworks */,
				690877B42C48D0910041D59D /* FirebaseInAppMessagingSwift-Beta in Frameworks */,
				690877C02C48D0910041D59D /* FirebaseRemoteConfigSwift in Frameworks */,
				690877942C48D0910041D59D /* FirebaseAnalyticsSwift in Frameworks */,
				6908779A2C48D0910041D59D /* FirebaseAppDistribution-Beta in Frameworks */,
				690877BE2C48D0910041D59D /* FirebaseRemoteConfig in Frameworks */,
				690877C92C48D0A50041D59D /* GoogleMobileAds in Frameworks */,
				690877C22C48D0910041D59D /* FirebaseStorage in Frameworks */,
				6908779E2C48D0910041D59D /* FirebaseAuthCombine-Community in Frameworks */,
				690877C42C48D0910041D59D /* FirebaseStorageCombine-Community in Frameworks */,
				690877B22C48D0910041D59D /* FirebaseInAppMessaging-Beta in Frameworks */,
			);
			runOnlyForDeploymentPostprocessing = 0;
		};
/* End PBXFrameworksBuildPhase section */

/* Begin PBXGroup section */
		690877542C48CE330041D59D = {
			isa = PBXGroup;
			children = (
				6916963B2C48DAF200A0155D /* clusters.csv */,
				69CFAB5C2C49BA4F0034F786 /* GoogleService-Info.plist */,
				6908775F2C48CE330041D59D /* ClusterJam */,
				6908775E2C48CE330041D59D /* Products */,
			);
			sourceTree = "<group>";
		};
		6908775E2C48CE330041D59D /* Products */ = {
			isa = PBXGroup;
			children = (
				6908775D2C48CE330041D59D /* ClusterJam.app */,
			);
			name = Products;
			sourceTree = "<group>";
		};
		6908775F2C48CE330041D59D /* ClusterJam */ = {
			isa = PBXGroup;
			children = (
				69CFAB5B2C49B7DB0034F786 /* ClusterJam.entitlements */,
				69567FB62C48D60C006E5DB8 /* Info.plist */,
				690877602C48CE330041D59D /* ClusterJamApp.swift */,
				690877622C48CE330041D59D /* ContentView.swift */,
				690877862C48CF0F0041D59D /* Launch Screen.storyboard */,
				690877702C48CE690041D59D /* AppData.swift */,
				69E357DA2C4C91C800176523 /* BannerView.swift */,
				6908777A2C48CEBB0041D59D /* BannerViewController.swift */,
				6908777E2C48CEDE0041D59D /* LoadData.swift */,
				690877802C48CEE90041D59D /* PlaylistManager.swift */,
				690877722C48CE8E0041D59D /* ArtistListView.swift */,
				690877742C48CE980041D59D /* ClusterListView.swift */,
				690877782C48CEAC0041D59D /* SongListView.swift */,
				6908776E2C48CE5E0041D59D /* AccountView.swift */,
				6908777C2C48CECF0041D59D /* DiscoverView.swift */,
				690877822C48CEFA0041D59D /* PlaylistView.swift */,
				690877842C48CF040041D59D /* WizardView.swift */,
				690877642C48CE340041D59D /* Assets.xcassets */,
				690877662C48CE340041D59D /* Preview Content */,
			);
			path = ClusterJam;
			sourceTree = "<group>";
		};
		690877662C48CE340041D59D /* Preview Content */ = {
			isa = PBXGroup;
			children = (
				690877672C48CE340041D59D /* Preview Assets.xcassets */,
			);
			path = "Preview Content";
			sourceTree = "<group>";
		};
/* End PBXGroup section */

/* Begin PBXNativeTarget section */
		6908775C2C48CE330041D59D /* ClusterJam */ = {
			isa = PBXNativeTarget;
			buildConfigurationList = 6908776B2C48CE340041D59D /* Build configuration list for PBXNativeTarget "ClusterJam" */;
			buildPhases = (
				690877592C48CE330041D59D /* Sources */,
				6908775A2C48CE330041D59D /* Frameworks */,
				6908775B2C48CE330041D59D /* Resources */,
			);
			buildRules = (
			);
			dependencies = (
			);
			name = ClusterJam;
			packageProductDependencies = (
				690877892C48D0020041D59D /* SwiftCSV */,
				6908778C2C48D0130041D59D /* SpotifyiOS */,
				6908778F2C48D0910041D59D /* FirebaseAnalytics */,
				690877912C48D0910041D59D /* FirebaseAnalyticsOnDeviceConversion */,
				690877932C48D0910041D59D /* FirebaseAnalyticsSwift */,
				690877952C48D0910041D59D /* FirebaseAnalyticsWithoutAdIdSupport */,
				690877972C48D0910041D59D /* FirebaseAppCheck */,
				690877992C48D0910041D59D /* FirebaseAppDistribution-Beta */,
				6908779B2C48D0910041D59D /* FirebaseAuth */,
				6908779D2C48D0910041D59D /* FirebaseAuthCombine-Community */,
				6908779F2C48D0910041D59D /* FirebaseCrashlytics */,
				690877A12C48D0910041D59D /* FirebaseDatabase */,
				690877A32C48D0910041D59D /* FirebaseDatabaseSwift */,
				690877A52C48D0910041D59D /* FirebaseDynamicLinks */,
				690877A72C48D0910041D59D /* FirebaseFirestore */,
				690877A92C48D0910041D59D /* FirebaseFirestoreCombine-Community */,
				690877AB2C48D0910041D59D /* FirebaseFirestoreSwift */,
				690877AD2C48D0910041D59D /* FirebaseFunctions */,
				690877AF2C48D0910041D59D /* FirebaseFunctionsCombine-Community */,
				690877B12C48D0910041D59D /* FirebaseInAppMessaging-Beta */,
				690877B32C48D0910041D59D /* FirebaseInAppMessagingSwift-Beta */,
				690877B52C48D0910041D59D /* FirebaseInstallations */,
				690877B72C48D0910041D59D /* FirebaseMLModelDownloader */,
				690877B92C48D0910041D59D /* FirebaseMessaging */,
				690877BB2C48D0910041D59D /* FirebasePerformance */,
				690877BD2C48D0910041D59D /* FirebaseRemoteConfig */,
				690877BF2C48D0910041D59D /* FirebaseRemoteConfigSwift */,
				690877C12C48D0910041D59D /* FirebaseStorage */,
				690877C32C48D0910041D59D /* FirebaseStorageCombine-Community */,
				690877C52C48D0910041D59D /* FirebaseVertexAI-Preview */,
				690877C82C48D0A50041D59D /* GoogleMobileAds */,
			);
			productName = ClusterJam;
			productReference = 6908775D2C48CE330041D59D /* ClusterJam.app */;
			productType = "com.apple.product-type.application";
		};
/* End PBXNativeTarget section */

/* Begin PBXProject section */
		690877552C48CE330041D59D /* Project object */ = {
			isa = PBXProject;
			attributes = {
				BuildIndependentTargetsInParallel = 1;
				LastSwiftUpdateCheck = 1540;
				LastUpgradeCheck = 1540;
				TargetAttributes = {
					6908775C2C48CE330041D59D = {
						CreatedOnToolsVersion = 15.4;
					};
				};
			};
			buildConfigurationList = 690877582C48CE330041D59D /* Build configuration list for PBXProject "ClusterJam" */;
			compatibilityVersion = "Xcode 14.0";
			developmentRegion = en;
			hasScannedForEncodings = 0;
			knownRegions = (
				en,
				Base,
			);
			mainGroup = 690877542C48CE330041D59D;
			packageReferences = (
				690877882C48D0020041D59D /* XCRemoteSwiftPackageReference "SwiftCSV" */,
				6908778B2C48D0130041D59D /* XCRemoteSwiftPackageReference "ios-sdk" */,
				6908778E2C48D0910041D59D /* XCRemoteSwiftPackageReference "firebase-ios-sdk" */,
				690877C72C48D0A50041D59D /* XCRemoteSwiftPackageReference "swift-package-manager-google-mobile-ads" */,
			);
			productRefGroup = 6908775E2C48CE330041D59D /* Products */;
			projectDirPath = "";
			projectRoot = "";
			targets = (
				6908775C2C48CE330041D59D /* ClusterJam */,
			);
		};
/* End PBXProject section */

/* Begin PBXResourcesBuildPhase section */
		6908775B2C48CE330041D59D /* Resources */ = {
			isa = PBXResourcesBuildPhase;
			buildActionMask = 2147483647;
			files = (
				690877872C48CF0F0041D59D /* Launch Screen.storyboard in Resources */,
				6916963C2C48DAF200A0155D /* clusters.csv in Resources */,
				69CFAB5D2C49BA4F0034F786 /* GoogleService-Info.plist in Resources */,
				690877682C48CE340041D59D /* Preview Assets.xcassets in Resources */,
				690877652C48CE340041D59D /* Assets.xcassets in Resources */,
			);
			runOnlyForDeploymentPostprocessing = 0;
		};
/* End PBXResourcesBuildPhase section */

/* Begin PBXSourcesBuildPhase section */
		690877592C48CE330041D59D /* Sources */ = {
			isa = PBXSourcesBuildPhase;
			buildActionMask = 2147483647;
			files = (
				69E357DB2C4C91C800176523 /* BannerView.swift in Sources */,
				6908777B2C48CEBB0041D59D /* BannerViewController.swift in Sources */,
				6908776F2C48CE5E0041D59D /* AccountView.swift in Sources */,
				690877632C48CE330041D59D /* ContentView.swift in Sources */,
				690877792C48CEAC0041D59D /* SongListView.swift in Sources */,
				690877612C48CE330041D59D /* ClusterJamApp.swift in Sources */,
				690877832C48CEFA0041D59D /* PlaylistView.swift in Sources */,
				6908777F2C48CEDE0041D59D /* LoadData.swift in Sources */,
				690877752C48CE980041D59D /* ClusterListView.swift in Sources */,
				6908777D2C48CECF0041D59D /* DiscoverView.swift in Sources */,
				690877812C48CEE90041D59D /* PlaylistManager.swift in Sources */,
				690877852C48CF040041D59D /* WizardView.swift in Sources */,
				690877712C48CE690041D59D /* AppData.swift in Sources */,
				690877732C48CE8E0041D59D /* ArtistListView.swift in Sources */,
			);
			runOnlyForDeploymentPostprocessing = 0;
		};
/* End PBXSourcesBuildPhase section */

/* Begin XCBuildConfiguration section */
		690877692C48CE340041D59D /* Debug */ = {
			isa = XCBuildConfiguration;
			buildSettings = {
				ALWAYS_SEARCH_USER_PATHS = NO;
				ASSETCATALOG_COMPILER_GENERATE_SWIFT_ASSET_SYMBOL_EXTENSIONS = YES;
				CLANG_ANALYZER_NONNULL = YES;
				CLANG_ANALYZER_NUMBER_OBJECT_CONVERSION = YES_AGGRESSIVE;
				CLANG_CXX_LANGUAGE_STANDARD = "gnu++20";
				CLANG_ENABLE_MODULES = YES;
				CLANG_ENABLE_OBJC_ARC = YES;
				CLANG_ENABLE_OBJC_WEAK = YES;
				CLANG_WARN_BLOCK_CAPTURE_AUTORELEASING = YES;
				CLANG_WARN_BOOL_CONVERSION = YES;
				CLANG_WARN_COMMA = YES;
				CLANG_WARN_CONSTANT_CONVERSION = YES;
				CLANG_WARN_DEPRECATED_OBJC_IMPLEMENTATIONS = YES;
				CLANG_WARN_DIRECT_OBJC_ISA_USAGE = YES_ERROR;
				CLANG_WARN_DOCUMENTATION_COMMENTS = YES;
				CLANG_WARN_EMPTY_BODY = YES;
				CLANG_WARN_ENUM_CONVERSION = YES;
				CLANG_WARN_INFINITE_RECURSION = YES;
				CLANG_WARN_INT_CONVERSION = YES;
				CLANG_WARN_NON_LITERAL_NULL_CONVERSION = YES;
				CLANG_WARN_OBJC_IMPLICIT_RETAIN_SELF = YES;
				CLANG_WARN_OBJC_LITERAL_CONVERSION = YES;
				CLANG_WARN_OBJC_ROOT_CLASS = YES_ERROR;
				CLANG_WARN_QUOTED_INCLUDE_IN_FRAMEWORK_HEADER = YES;
				CLANG_WARN_RANGE_LOOP_ANALYSIS = YES;
				CLANG_WARN_STRICT_PROTOTYPES = YES;
				CLANG_WARN_SUSPICIOUS_MOVE = YES;
				CLANG_WARN_UNGUARDED_AVAILABILITY = YES_AGGRESSIVE;
				CLANG_WARN_UNREACHABLE_CODE = YES;
				CLANG_WARN__DUPLICATE_METHOD_MATCH = YES;
				COPY_PHASE_STRIP = NO;
				DEBUG_INFORMATION_FORMAT = dwarf;
				ENABLE_STRICT_OBJC_MSGSEND = YES;
				ENABLE_TESTABILITY = YES;
				ENABLE_USER_SCRIPT_SANDBOXING = YES;
				GCC_C_LANGUAGE_STANDARD = gnu17;
				GCC_DYNAMIC_NO_PIC = NO;
				GCC_NO_COMMON_BLOCKS = YES;
				GCC_OPTIMIZATION_LEVEL = 0;
				GCC_PREPROCESSOR_DEFINITIONS = (
					"DEBUG=1",
					"$(inherited)",
				);
				GCC_WARN_64_TO_32_BIT_CONVERSION = YES;
				GCC_WARN_ABOUT_RETURN_TYPE = YES_ERROR;
				GCC_WARN_UNDECLARED_SELECTOR = YES;
				GCC_WARN_UNINITIALIZED_AUTOS = YES_AGGRESSIVE;
				GCC_WARN_UNUSED_FUNCTION = YES;
				GCC_WARN_UNUSED_VARIABLE = YES;
				IPHONEOS_DEPLOYMENT_TARGET = 17.5;
				LOCALIZATION_PREFERS_STRING_CATALOGS = YES;
				MTL_ENABLE_DEBUG_INFO = INCLUDE_SOURCE;
				MTL_FAST_MATH = YES;
				ONLY_ACTIVE_ARCH = YES;
				SDKROOT = iphoneos;
				SWIFT_ACTIVE_COMPILATION_CONDITIONS = "DEBUG $(inherited)";
				SWIFT_OPTIMIZATION_LEVEL = "-Onone";
			};
			name = Debug;
		};
		6908776A2C48CE340041D59D /* Release */ = {
			isa = XCBuildConfiguration;
			buildSettings = {
				ALWAYS_SEARCH_USER_PATHS = NO;
				ASSETCATALOG_COMPILER_GENERATE_SWIFT_ASSET_SYMBOL_EXTENSIONS = YES;
				CLANG_ANALYZER_NONNULL = YES;
				CLANG_ANALYZER_NUMBER_OBJECT_CONVERSION = YES_AGGRESSIVE;
				CLANG_CXX_LANGUAGE_STANDARD = "gnu++20";
				CLANG_ENABLE_MODULES = YES;
				CLANG_ENABLE_OBJC_ARC = YES;
				CLANG_ENABLE_OBJC_WEAK = YES;
				CLANG_WARN_BLOCK_CAPTURE_AUTORELEASING = YES;
				CLANG_WARN_BOOL_CONVERSION = YES;
				CLANG_WARN_COMMA = YES;
				CLANG_WARN_CONSTANT_CONVERSION = YES;
				CLANG_WARN_DEPRECATED_OBJC_IMPLEMENTATIONS = YES;
				CLANG_WARN_DIRECT_OBJC_ISA_USAGE = YES_ERROR;
				CLANG_WARN_DOCUMENTATION_COMMENTS = YES;
				CLANG_WARN_EMPTY_BODY = YES;
				CLANG_WARN_ENUM_CONVERSION = YES;
				CLANG_WARN_INFINITE_RECURSION = YES;
				CLANG_WARN_INT_CONVERSION = YES;
				CLANG_WARN_NON_LITERAL_NULL_CONVERSION = YES;
				CLANG_WARN_OBJC_IMPLICIT_RETAIN_SELF = YES;
				CLANG_WARN_OBJC_LITERAL_CONVERSION = YES;
				CLANG_WARN_OBJC_ROOT_CLASS = YES_ERROR;
				CLANG_WARN_QUOTED_INCLUDE_IN_FRAMEWORK_HEADER = YES;
				CLANG_WARN_RANGE_LOOP_ANALYSIS = YES;
				CLANG_WARN_STRICT_PROTOTYPES = YES;
				CLANG_WARN_SUSPICIOUS_MOVE = YES;
				CLANG_WARN_UNGUARDED_AVAILABILITY = YES_AGGRESSIVE;
				CLANG_WARN_UNREACHABLE_CODE = YES;
				CLANG_WARN__DUPLICATE_METHOD_MATCH = YES;
				COPY_PHASE_STRIP = NO;
				DEBUG_INFORMATION_FORMAT = "dwarf-with-dsym";
				ENABLE_NS_ASSERTIONS = NO;
				ENABLE_STRICT_OBJC_MSGSEND = YES;
				ENABLE_USER_SCRIPT_SANDBOXING = YES;
				GCC_C_LANGUAGE_STANDARD = gnu17;
				GCC_NO_COMMON_BLOCKS = YES;
				GCC_WARN_64_TO_32_BIT_CONVERSION = YES;
				GCC_WARN_ABOUT_RETURN_TYPE = YES_ERROR;
				GCC_WARN_UNDECLARED_SELECTOR = YES;
				GCC_WARN_UNINITIALIZED_AUTOS = YES_AGGRESSIVE;
				GCC_WARN_UNUSED_FUNCTION = YES;
				GCC_WARN_UNUSED_VARIABLE = YES;
				IPHONEOS_DEPLOYMENT_TARGET = 17.5;
				LOCALIZATION_PREFERS_STRING_CATALOGS = YES;
				MTL_ENABLE_DEBUG_INFO = NO;
				MTL_FAST_MATH = YES;
				SDKROOT = iphoneos;
				SWIFT_COMPILATION_MODE = wholemodule;
				VALIDATE_PRODUCT = YES;
			};
			name = Release;
		};
		6908776C2C48CE340041D59D /* Debug */ = {
			isa = XCBuildConfiguration;
			buildSettings = {
				ASSETCATALOG_COMPILER_APPICON_NAME = AppIcon;
				ASSETCATALOG_COMPILER_GLOBAL_ACCENT_COLOR_NAME = AccentColor;
				CODE_SIGN_ENTITLEMENTS = ClusterJam/ClusterJam.entitlements;
				CODE_SIGN_STYLE = Automatic;
				CURRENT_PROJECT_VERSION = 2;
				DEVELOPMENT_ASSET_PATHS = "\"ClusterJam/Preview Content\"";
				DEVELOPMENT_TEAM = HD85S68D58;
				ENABLE_PREVIEWS = YES;
				GENERATE_INFOPLIST_FILE = YES;
				INFOPLIST_FILE = ClusterJam/Info.plist;
				INFOPLIST_KEY_CFBundleDisplayName = ClusterJam;
				INFOPLIST_KEY_LSApplicationCategoryType = "public.app-category.music";
				INFOPLIST_KEY_NSMicrophoneUsageDescription = "We need access to your microphone to recognize songs.";
				INFOPLIST_KEY_UIApplicationSupportsIndirectInputEvents = YES;
				INFOPLIST_KEY_UILaunchScreen_Generation = YES;
				INFOPLIST_KEY_UILaunchStoryboardName = "Launch Screen.storyboard";
				INFOPLIST_KEY_UIStatusBarStyle = "";
				INFOPLIST_KEY_UISupportedInterfaceOrientations = UIInterfaceOrientationPortrait;
				INFOPLIST_KEY_UISupportedInterfaceOrientations_iPad = "UIInterfaceOrientationLandscapeLeft UIInterfaceOrientationLandscapeRight UIInterfaceOrientationPortrait UIInterfaceOrientationPortraitUpsideDown";
				IPHONEOS_DEPLOYMENT_TARGET = 16.0;
				LD_RUNPATH_SEARCH_PATHS = (
					"$(inherited)",
					"@executable_path/Frameworks",
				);
				MARKETING_VERSION = 2.2;
				PRODUCT_BUNDLE_IDENTIFIER = trevorscholz1.ClusterJam;
				PRODUCT_NAME = "$(TARGET_NAME)";
				SWIFT_EMIT_LOC_STRINGS = YES;
				SWIFT_VERSION = 5.0;
				TARGETED_DEVICE_FAMILY = "1,2";
			};
			name = Debug;
		};
		6908776D2C48CE340041D59D /* Release */ = {
			isa = XCBuildConfiguration;
			buildSettings = {
				ASSETCATALOG_COMPILER_APPICON_NAME = AppIcon;
				ASSETCATALOG_COMPILER_GLOBAL_ACCENT_COLOR_NAME = AccentColor;
				CODE_SIGN_ENTITLEMENTS = ClusterJam/ClusterJam.entitlements;
				CODE_SIGN_STYLE = Automatic;
				CURRENT_PROJECT_VERSION = 2;
				DEVELOPMENT_ASSET_PATHS = "\"ClusterJam/Preview Content\"";
				DEVELOPMENT_TEAM = HD85S68D58;
				ENABLE_PREVIEWS = YES;
				GENERATE_INFOPLIST_FILE = YES;
				INFOPLIST_FILE = ClusterJam/Info.plist;
				INFOPLIST_KEY_CFBundleDisplayName = ClusterJam;
				INFOPLIST_KEY_LSApplicationCategoryType = "public.app-category.music";
				INFOPLIST_KEY_NSMicrophoneUsageDescription = "We need access to your microphone to recognize songs.";
				INFOPLIST_KEY_UIApplicationSupportsIndirectInputEvents = YES;
				INFOPLIST_KEY_UILaunchScreen_Generation = YES;
				INFOPLIST_KEY_UILaunchStoryboardName = "Launch Screen.storyboard";
				INFOPLIST_KEY_UIStatusBarStyle = "";
				INFOPLIST_KEY_UISupportedInterfaceOrientations = UIInterfaceOrientationPortrait;
				INFOPLIST_KEY_UISupportedInterfaceOrientations_iPad = "UIInterfaceOrientationLandscapeLeft UIInterfaceOrientationLandscapeRight UIInterfaceOrientationPortrait UIInterfaceOrientationPortraitUpsideDown";
				IPHONEOS_DEPLOYMENT_TARGET = 16.0;
				LD_RUNPATH_SEARCH_PATHS = (
					"$(inherited)",
					"@executable_path/Frameworks",
				);
				MARKETING_VERSION = 2.2;
				PRODUCT_BUNDLE_IDENTIFIER = trevorscholz1.ClusterJam;
				PRODUCT_NAME = "$(TARGET_NAME)";
				SWIFT_EMIT_LOC_STRINGS = YES;
				SWIFT_VERSION = 5.0;
				TARGETED_DEVICE_FAMILY = "1,2";
			};
			name = Release;
		};
/* End XCBuildConfiguration section */

/* Begin XCConfigurationList section */
		690877582C48CE330041D59D /* Build configuration list for PBXProject "ClusterJam" */ = {
			isa = XCConfigurationList;
			buildConfigurations = (
				690877692C48CE340041D59D /* Debug */,
				6908776A2C48CE340041D59D /* Release */,
			);
			defaultConfigurationIsVisible = 0;
			defaultConfigurationName = Release;
		};
		6908776B2C48CE340041D59D /* Build configuration list for PBXNativeTarget "ClusterJam" */ = {
			isa = XCConfigurationList;
			buildConfigurations = (
				6908776C2C48CE340041D59D /* Debug */,
				6908776D2C48CE340041D59D /* Release */,
			);
			defaultConfigurationIsVisible = 0;
			defaultConfigurationName = Release;
		};
/* End XCConfigurationList section */

/* Begin XCRemoteSwiftPackageReference section */
		690877882C48D0020041D59D /* XCRemoteSwiftPackageReference "SwiftCSV" */ = {
			isa = XCRemoteSwiftPackageReference;
			repositoryURL = "https://github.com/swiftcsv/SwiftCSV.git";
			requirement = {
				kind = upToNextMajorVersion;
				minimumVersion = 0.10.0;
			};
		};
		6908778B2C48D0130041D59D /* XCRemoteSwiftPackageReference "ios-sdk" */ = {
			isa = XCRemoteSwiftPackageReference;
			repositoryURL = "https://github.com/spotify/ios-sdk";
			requirement = {
				branch = master;
				kind = branch;
			};
		};
		6908778E2C48D0910041D59D /* XCRemoteSwiftPackageReference "firebase-ios-sdk" */ = {
			isa = XCRemoteSwiftPackageReference;
			repositoryURL = "https://github.com/firebase/firebase-ios-sdk";
			requirement = {
				kind = upToNextMajorVersion;
				minimumVersion = 10.29.0;
			};
		};
		690877C72C48D0A50041D59D /* XCRemoteSwiftPackageReference "swift-package-manager-google-mobile-ads" */ = {
			isa = XCRemoteSwiftPackageReference;
			repositoryURL = "https://github.com/googleads/swift-package-manager-google-mobile-ads.git";
			requirement = {
				kind = upToNextMajorVersion;
				minimumVersion = 11.7.0;
			};
		};
/* End XCRemoteSwiftPackageReference section */

/* Begin XCSwiftPackageProductDependency section */
		690877892C48D0020041D59D /* SwiftCSV */ = {
			isa = XCSwiftPackageProductDependency;
			package = 690877882C48D0020041D59D /* XCRemoteSwiftPackageReference "SwiftCSV" */;
			productName = SwiftCSV;
		};
		6908778C2C48D0130041D59D /* SpotifyiOS */ = {
			isa = XCSwiftPackageProductDependency;
			package = 6908778B2C48D0130041D59D /* XCRemoteSwiftPackageReference "ios-sdk" */;
			productName = SpotifyiOS;
		};
		6908778F2C48D0910041D59D /* FirebaseAnalytics */ = {
			isa = XCSwiftPackageProductDependency;
			package = 6908778E2C48D0910041D59D /* XCRemoteSwiftPackageReference "firebase-ios-sdk" */;
			productName = FirebaseAnalytics;
		};
		690877912C48D0910041D59D /* FirebaseAnalyticsOnDeviceConversion */ = {
			isa = XCSwiftPackageProductDependency;
			package = 6908778E2C48D0910041D59D /* XCRemoteSwiftPackageReference "firebase-ios-sdk" */;
			productName = FirebaseAnalyticsOnDeviceConversion;
		};
		690877932C48D0910041D59D /* FirebaseAnalyticsSwift */ = {
			isa = XCSwiftPackageProductDependency;
			package = 6908778E2C48D0910041D59D /* XCRemoteSwiftPackageReference "firebase-ios-sdk" */;
			productName = FirebaseAnalyticsSwift;
		};
		690877952C48D0910041D59D /* FirebaseAnalyticsWithoutAdIdSupport */ = {
			isa = XCSwiftPackageProductDependency;
			package = 6908778E2C48D0910041D59D /* XCRemoteSwiftPackageReference "firebase-ios-sdk" */;
			productName = FirebaseAnalyticsWithoutAdIdSupport;
		};
		690877972C48D0910041D59D /* FirebaseAppCheck */ = {
			isa = XCSwiftPackageProductDependency;
			package = 6908778E2C48D0910041D59D /* XCRemoteSwiftPackageReference "firebase-ios-sdk" */;
			productName = FirebaseAppCheck;
		};
		690877992C48D0910041D59D /* FirebaseAppDistribution-Beta */ = {
			isa = XCSwiftPackageProductDependency;
			package = 6908778E2C48D0910041D59D /* XCRemoteSwiftPackageReference "firebase-ios-sdk" */;
			productName = "FirebaseAppDistribution-Beta";
		};
		6908779B2C48D0910041D59D /* FirebaseAuth */ = {
			isa = XCSwiftPackageProductDependency;
			package = 6908778E2C48D0910041D59D /* XCRemoteSwiftPackageReference "firebase-ios-sdk" */;
			productName = FirebaseAuth;
		};
		6908779D2C48D0910041D59D /* FirebaseAuthCombine-Community */ = {
			isa = XCSwiftPackageProductDependency;
			package = 6908778E2C48D0910041D59D /* XCRemoteSwiftPackageReference "firebase-ios-sdk" */;
			productName = "FirebaseAuthCombine-Community";
		};
		6908779F2C48D0910041D59D /* FirebaseCrashlytics */ = {
			isa = XCSwiftPackageProductDependency;
			package = 6908778E2C48D0910041D59D /* XCRemoteSwiftPackageReference "firebase-ios-sdk" */;
			productName = FirebaseCrashlytics;
		};
		690877A12C48D0910041D59D /* FirebaseDatabase */ = {
			isa = XCSwiftPackageProductDependency;
			package = 6908778E2C48D0910041D59D /* XCRemoteSwiftPackageReference "firebase-ios-sdk" */;
			productName = FirebaseDatabase;
		};
		690877A32C48D0910041D59D /* FirebaseDatabaseSwift */ = {
			isa = XCSwiftPackageProductDependency;
			package = 6908778E2C48D0910041D59D /* XCRemoteSwiftPackageReference "firebase-ios-sdk" */;
			productName = FirebaseDatabaseSwift;
		};
		690877A52C48D0910041D59D /* FirebaseDynamicLinks */ = {
			isa = XCSwiftPackageProductDependency;
			package = 6908778E2C48D0910041D59D /* XCRemoteSwiftPackageReference "firebase-ios-sdk" */;
			productName = FirebaseDynamicLinks;
		};
		690877A72C48D0910041D59D /* FirebaseFirestore */ = {
			isa = XCSwiftPackageProductDependency;
			package = 6908778E2C48D0910041D59D /* XCRemoteSwiftPackageReference "firebase-ios-sdk" */;
			productName = FirebaseFirestore;
		};
		690877A92C48D0910041D59D /* FirebaseFirestoreCombine-Community */ = {
			isa = XCSwiftPackageProductDependency;
			package = 6908778E2C48D0910041D59D /* XCRemoteSwiftPackageReference "firebase-ios-sdk" */;
			productName = "FirebaseFirestoreCombine-Community";
		};
		690877AB2C48D0910041D59D /* FirebaseFirestoreSwift */ = {
			isa = XCSwiftPackageProductDependency;
			package = 6908778E2C48D0910041D59D /* XCRemoteSwiftPackageReference "firebase-ios-sdk" */;
			productName = FirebaseFirestoreSwift;
		};
		690877AD2C48D0910041D59D /* FirebaseFunctions */ = {
			isa = XCSwiftPackageProductDependency;
			package = 6908778E2C48D0910041D59D /* XCRemoteSwiftPackageReference "firebase-ios-sdk" */;
			productName = FirebaseFunctions;
		};
		690877AF2C48D0910041D59D /* FirebaseFunctionsCombine-Community */ = {
			isa = XCSwiftPackageProductDependency;
			package = 6908778E2C48D0910041D59D /* XCRemoteSwiftPackageReference "firebase-ios-sdk" */;
			productName = "FirebaseFunctionsCombine-Community";
		};
		690877B12C48D0910041D59D /* FirebaseInAppMessaging-Beta */ = {
			isa = XCSwiftPackageProductDependency;
			package = 6908778E2C48D0910041D59D /* XCRemoteSwiftPackageReference "firebase-ios-sdk" */;
			productName = "FirebaseInAppMessaging-Beta";
		};
		690877B32C48D0910041D59D /* FirebaseInAppMessagingSwift-Beta */ = {
			isa = XCSwiftPackageProductDependency;
			package = 6908778E2C48D0910041D59D /* XCRemoteSwiftPackageReference "firebase-ios-sdk" */;
			productName = "FirebaseInAppMessagingSwift-Beta";
		};
		690877B52C48D0910041D59D /* FirebaseInstallations */ = {
			isa = XCSwiftPackageProductDependency;
			package = 6908778E2C48D0910041D59D /* XCRemoteSwiftPackageReference "firebase-ios-sdk" */;
			productName = FirebaseInstallations;
		};
		690877B72C48D0910041D59D /* FirebaseMLModelDownloader */ = {
			isa = XCSwiftPackageProductDependency;
			package = 6908778E2C48D0910041D59D /* XCRemoteSwiftPackageReference "firebase-ios-sdk" */;
			productName = FirebaseMLModelDownloader;
		};
		690877B92C48D0910041D59D /* FirebaseMessaging */ = {
			isa = XCSwiftPackageProductDependency;
			package = 6908778E2C48D0910041D59D /* XCRemoteSwiftPackageReference "firebase-ios-sdk" */;
			productName = FirebaseMessaging;
		};
		690877BB2C48D0910041D59D /* FirebasePerformance */ = {
			isa = XCSwiftPackageProductDependency;
			package = 6908778E2C48D0910041D59D /* XCRemoteSwiftPackageReference "firebase-ios-sdk" */;
			productName = FirebasePerformance;
		};
		690877BD2C48D0910041D59D /* FirebaseRemoteConfig */ = {
			isa = XCSwiftPackageProductDependency;
			package = 6908778E2C48D0910041D59D /* XCRemoteSwiftPackageReference "firebase-ios-sdk" */;
			productName = FirebaseRemoteConfig;
		};
		690877BF2C48D0910041D59D /* FirebaseRemoteConfigSwift */ = {
			isa = XCSwiftPackageProductDependency;
			package = 6908778E2C48D0910041D59D /* XCRemoteSwiftPackageReference "firebase-ios-sdk" */;
			productName = FirebaseRemoteConfigSwift;
		};
		690877C12C48D0910041D59D /* FirebaseStorage */ = {
			isa = XCSwiftPackageProductDependency;
			package = 6908778E2C48D0910041D59D /* XCRemoteSwiftPackageReference "firebase-ios-sdk" */;
			productName = FirebaseStorage;
		};
		690877C32C48D0910041D59D /* FirebaseStorageCombine-Community */ = {
			isa = XCSwiftPackageProductDependency;
			package = 6908778E2C48D0910041D59D /* XCRemoteSwiftPackageReference "firebase-ios-sdk" */;
			productName = "FirebaseStorageCombine-Community";
		};
		690877C52C48D0910041D59D /* FirebaseVertexAI-Preview */ = {
			isa = XCSwiftPackageProductDependency;
			package = 6908778E2C48D0910041D59D /* XCRemoteSwiftPackageReference "firebase-ios-sdk" */;
			productName = "FirebaseVertexAI-Preview";
		};
		690877C82C48D0A50041D59D /* GoogleMobileAds */ = {
			isa = XCSwiftPackageProductDependency;
			package = 690877C72C48D0A50041D59D /* XCRemoteSwiftPackageReference "swift-package-manager-google-mobile-ads" */;
			productName = GoogleMobileAds;
		};
/* End XCSwiftPackageProductDependency section */
	};
	rootObject = 690877552C48CE330041D59D /* Project object */;
}
